
Microsoft Visual Studio Solution File, Format Version 12.00
# Visual Studio Version 16
VisualStudioVersion = 16.0.34902.97
MinimumVisualStudioVersion = 10.0.40219.1
Project("{FAE04EC0-301F-11D3-BF4B-00C04F79EFBC}") = "DcdK22CNT4Lesson10Db", "DcdK22CNT4Lesson10Db\DcdK22CNT4Lesson10Db.csproj", "{CCD72D87-B599-4A35-BB93-1AEDD139ACF4}"
EndProject
Global
	GlobalSection(SolutionConfigurationPlatforms) = preSolution
		Debug|Any CPU = Debug|Any CPU
		Release|Any CPU = Release|Any CPU
	EndGlobalSection
	GlobalSection(ProjectConfigurationPlatforms) = postSolution
		{CCD72D87-B599-4A35-BB93-1AEDD139ACF4}.Debug|Any CPU.ActiveCfg = Debug|Any CPU
		{CCD72D87-B599-4A35-BB93-1AEDD139ACF4}.Debug|Any CPU.Build.0 = Debug|Any CPU
		{CCD72D87-B599-4A35-BB93-1AEDD139ACF4}.Release|Any CPU.ActiveCfg = Release|Any CPU
		{CCD72D87-B599-4A35-BB93-1AEDD139ACF4}.Release|Any CPU.Build.0 = Release|Any CPU
	EndGlobalSection
	GlobalSection(SolutionProperties) = preSolution
		HideSolutionNode = FALSE
	EndGlobalSection
	GlobalSection(ExtensibilityGlobals) = postSolution
		SolutionGuid = {B1847CB1-F1AE-460E-BA6F-915CBC27CA90}
	EndGlobalSection
EndGlobal
