
Microsoft Visual Studio Solution File, Format Version 12.00
# Visual Studio Version 16
VisualStudioVersion = 16.0.34902.97
MinimumVisualStudioVersion = 10.0.40219.1
Project("{FAE04EC0-301F-11D3-BF4B-00C04F79EFBC}") = "DcdLesson06CF", "DcdLesson06CF\DcdLesson06CF.csproj", "{FF1F7CE7-F578-4E66-A24E-C4070B6DE720}"
EndProject
Global
	GlobalSection(SolutionConfigurationPlatforms) = preSolution
		Debug|Any CPU = Debug|Any CPU
		Release|Any CPU = Release|Any CPU
	EndGlobalSection
	GlobalSection(ProjectConfigurationPlatforms) = postSolution
		{FF1F7CE7-F578-4E66-A24E-C4070B6DE720}.Debug|Any CPU.ActiveCfg = Debug|Any CPU
		{FF1F7CE7-F578-4E66-A24E-C4070B6DE720}.Debug|Any CPU.Build.0 = Debug|Any CPU
		{FF1F7CE7-F578-4E66-A24E-C4070B6DE720}.Release|Any CPU.ActiveCfg = Release|Any CPU
		{FF1F7CE7-F578-4E66-A24E-C4070B6DE720}.Release|Any CPU.Build.0 = Release|Any CPU
	EndGlobalSection
	GlobalSection(SolutionProperties) = preSolution
		HideSolutionNode = FALSE
	EndGlobalSection
	GlobalSection(ExtensibilityGlobals) = postSolution
		SolutionGuid = {06BB17F9-D238-4DB8-8CD2-AA4D3593B3A6}
	EndGlobalSection
EndGlobal
